<?xml version="1.0" encoding="utf-8"?>
<Project ToolsVersion="4.0" xmlns="http://schemas.microsoft.com/developer/msbuild/2003">
  <ItemGroup>
    <Filter Include="Source Files">
      <UniqueIdentifier>{4FC737F1-C7A5-4376-A066-2A32D752A2FF}</UniqueIdentifier>
      <Extensions>cpp;c;cc;cxx;def;odl;idl;hpj;bat;asm;asmx</Extensions>
    </Filter>
    <Filter Include="Header Files">
      <UniqueIdentifier>{64557154-9132-4855-869e-ec44424d4afe}</UniqueIdentifier>
      <Extensions>h;hpp</Extensions>
    </Filter>
    <Filter Include="Resource Files">
      <UniqueIdentifier>{67DA6AB6-F800-4c08-8B7A-83BB121AAD01}</UniqueIdentifier>
      <Extensions>rc;ico;cur;bmp;dlg;rc2;rct;bin;rgs;gif;jpg;jpeg;jpe;resx;tiff;tif;png;wav;mfcribbon-ms</Extensions>
    </Filter>
  </ItemGroup>
  <ItemGroup>
    <Text Include="ReadMe.txt" />
  </ItemGroup>
  <ItemGroup>
    <ClCompile Include="stdafx.cpp">
      <Filter>Source Files</Filter>
    </ClCompile>
    <ClCompile Include="path_functions.cpp">
      <Filter>Source Files</Filter>
    </ClCompile>
    <ClCompile Include="draw_functions.cpp">
      <Filter>Source Files</Filter>
    </ClCompile>
    <ClCompile Include="general_functions.cpp">
      <Filter>Source Files</Filter>
    </ClCompile>
    <ClCompile Include="ini_functions.cpp">
      <Filter>Source Files</Filter>
    </ClCompile>
    <ClCompile Include="string_functions.cpp">
      <Filter>Source Files</Filter>
    </ClCompile>
    <ClCompile Include="collection_helpers.cpp">
      <Filter>Source Files</Filter>
    </ClCompile>
    <ClCompile Include="FFHacksterProject.cpp">
      <Filter>Source Files</Filter>
    </ClCompile>
    <ClCompile Include="io_functions.cpp">
      <Filter>Source Files</Filter>
    </ClCompile>
    <ClCompile Include="ci_support.cpp">
      <Filter>Source Files</Filter>
    </ClCompile>
    <ClCompile Include="imaging_helpers.cpp">
      <Filter>Source Files</Filter>
    </ClCompile>
    <ClCompile Include="regex_helpers.cpp">
      <Filter>Source Files</Filter>
    </ClCompile>
    <ClCompile Include="vector_types.cpp">
      <Filter>Source Files</Filter>
    </ClCompile>
    <ClCompile Include="upgrade_functions.cpp">
      <Filter>Source Files</Filter>
    </ClCompile>
    <ClCompile Include="type_support.cpp">
      <Filter>Source Files</Filter>
    </ClCompile>
    <ClCompile Include="core_exceptions.cpp">
      <Filter>Source Files</Filter>
    </ClCompile>
    <ClCompile Include="FilePathRestorer.cpp">
      <Filter>Source Files</Filter>
    </ClCompile>
    <ClCompile Include="GameSerializer.cpp">
      <Filter>Source Files</Filter>
    </ClCompile>
    <ClCompile Include="asmdll_impl.cpp">
      <Filter>Source Files</Filter>
    </ClCompile>
    <ClCompile Include="AppSettings.cpp">
      <Filter>Source Files</Filter>
    </ClCompile>
    <ClCompile Include="std_assembly.cpp">
      <Filter>Source Files</Filter>
    </ClCompile>
    <ClCompile Include="map_types.cpp">
      <Filter>Source Files</Filter>
    </ClCompile>
    <ClCompile Include="set_types.cpp">
      <Filter>Source Files</Filter>
    </ClCompile>
    <ClCompile Include="stream_ops.cpp">
      <Filter>Source Files</Filter>
    </ClCompile>
    <ClCompile Include="aseembly_types.cpp">
      <Filter>Source Files</Filter>
    </ClCompile>
    <ClCompile Include="SetResourceHandleScope.cpp">
      <Filter>Source Files</Filter>
    </ClCompile>
    <ClCompile Include="IniOverrider.cpp">
      <Filter>Source Files</Filter>
    </ClCompile>
    <ClCompile Include="FilePathRemover.cpp">
      <Filter>Source Files</Filter>
    </ClCompile>
    <ClCompile Include="DirPathRemover.cpp">
      <Filter>Source Files</Filter>
    </ClCompile>
    <ClCompile Include="LoadLibraryHandleScope.cpp">
      <Filter>Source Files</Filter>
    </ClCompile>
    <ClCompile Include="ResourceHandleScope.cpp">
      <Filter>Source Files</Filter>
    </ClCompile>
    <ClCompile Include="Editors2.cpp">
      <Filter>Source Files</Filter>
    </ClCompile>
    <ClCompile Include="EditorSettingsSerializer.cpp">
      <Filter>Source Files</Filter>
    </ClCompile>
    <ClCompile Include="rc_functions.cpp">
      <Filter>Source Files</Filter>
    </ClCompile>
    <ClCompile Include="dialogue_helpers.cpp">
      <Filter>Source Files</Filter>
    </ClCompile>
  </ItemGroup>
  <ItemGroup>
    <ResourceCompile Include="ff1-coredefs.rc">
      <Filter>Resource Files</Filter>
    </ResourceCompile>
  </ItemGroup>
  <ItemGroup>
    <Image Include="res\iconmonstr-x-mark-2-24.png">
      <Filter>Resource Files</Filter>
    </Image>
    <Image Include="res\drawingtools.bmp">
      <Filter>Resource Files</Filter>
    </Image>
    <Image Include="res\advdrawi.bmp">
      <Filter>Resource Files</Filter>
    </Image>
    <Image Include="res\iconmonstr-minus-2-24.png">
      <Filter>Resource Files</Filter>
    </Image>
    <Image Include="res\iconmonstr-help-1-24.png">
      <Filter>Resource Files</Filter>
    </Image>
    <Image Include="res\iconmonstr-info-6-24.png">
      <Filter>Resource Files</Filter>
    </Image>
    <Image Include="res\iconmonstr-gear-3-24.png">
      <Filter>Resource Files</Filter>
    </Image>
    <Image Include="res\iconmonstr-book-27-24.png">
      <Filter>Resource Files</Filter>
    </Image>
  </ItemGroup>
  <ItemGroup>
    <ClInclude Include="AppSettings.h">
      <Filter>Header Files</Filter>
    </ClInclude>
    <ClInclude Include="asmdll_impl.h">
      <Filter>Header Files</Filter>
    </ClInclude>
    <ClInclude Include="AsmFiles.h">
      <Filter>Header Files</Filter>
    </ClInclude>
    <ClInclude Include="assembly_types.h">
      <Filter>Header Files</Filter>
    </ClInclude>
    <ClInclude Include="ci_support.h">
      <Filter>Header Files</Filter>
    </ClInclude>
    <ClInclude Include="collection_helpers.h">
      <Filter>Header Files</Filter>
    </ClInclude>
    <ClInclude Include="common_symbols.h">
      <Filter>Header Files</Filter>
    </ClInclude>
    <ClInclude Include="DATA.h">
      <Filter>Header Files</Filter>
    </ClInclude>
    <ClInclude Include="datanode.h">
      <Filter>Header Files</Filter>
    </ClInclude>
    <ClInclude Include="DirPathRemover.h">
      <Filter>Header Files</Filter>
    </ClInclude>
    <ClInclude Include="draw_functions.h">
      <Filter>Header Files</Filter>
    </ClInclude>
    <ClInclude Include="DRAW_STRUCT.h">
      <Filter>Header Files</Filter>
    </ClInclude>
    <ClInclude Include="EditorInterop.h">
      <Filter>Header Files</Filter>
    </ClInclude>
    <ClInclude Include="Editors2.h">
      <Filter>Header Files</Filter>
    </ClInclude>
    <ClInclude Include="EditorSettingsSerializer.h">
      <Filter>Header Files</Filter>
    </ClInclude>
    <ClInclude Include="FFHacksterProject.h">
      <Filter>Header Files</Filter>
    </ClInclude>
    <ClInclude Include="FilePathRemover.h">
      <Filter>Header Files</Filter>
    </ClInclude>
    <ClInclude Include="FilePathRestorer.h">
      <Filter>Header Files</Filter>
    </ClInclude>
    <ClInclude Include="FontStack.h">
      <Filter>Header Files</Filter>
    </ClInclude>
    <ClInclude Include="function_types.h">
      <Filter>Header Files</Filter>
    </ClInclude>
    <ClInclude Include="GameSerializer.h">
      <Filter>Header Files</Filter>
    </ClInclude>
    <ClInclude Include="general_functions.h">
      <Filter>Header Files</Filter>
    </ClInclude>
    <ClInclude Include="imaging_helpers.h">
      <Filter>Header Files</Filter>
    </ClInclude>
    <ClInclude Include="ini_functions.h">
      <Filter>Header Files</Filter>
    </ClInclude>
    <ClInclude Include="IniOverrider.h">
      <Filter>Header Files</Filter>
    </ClInclude>
    <ClInclude Include="interop_assembly_interface.h">
      <Filter>Header Files</Filter>
    </ClInclude>
    <ClInclude Include="io_functions.h">
      <Filter>Header Files</Filter>
    </ClInclude>
    <ClInclude Include="IProgress.h">
      <Filter>Header Files</Filter>
    </ClInclude>
    <ClInclude Include="LoadLibraryHandleScope.h">
      <Filter>Header Files</Filter>
    </ClInclude>
    <ClInclude Include="logging_functions.h">
      <Filter>Header Files</Filter>
    </ClInclude>
    <ClInclude Include="map_types.h">
      <Filter>Header Files</Filter>
    </ClInclude>
    <ClInclude Include="pair_result.h">
      <Filter>Header Files</Filter>
    </ClInclude>
    <ClInclude Include="path_functions.h">
      <Filter>Header Files</Filter>
    </ClInclude>
    <ClInclude Include="rc_functions.h">
      <Filter>Header Files</Filter>
    </ClInclude>
    <ClInclude Include="regex_helpers.h">
      <Filter>Header Files</Filter>
    </ClInclude>
    <ClInclude Include="resource_coredefs.h">
      <Filter>Header Files</Filter>
    </ClInclude>
    <ClInclude Include="ResourceHandleScope.h">
      <Filter>Header Files</Filter>
    </ClInclude>
    <ClInclude Include="set_types.h">
      <Filter>Header Files</Filter>
    </ClInclude>
    <ClInclude Include="SetResourceHandleScope.h">
      <Filter>Header Files</Filter>
    </ClInclude>
    <ClInclude Include="shared_resids.h">
      <Filter>Header Files</Filter>
    </ClInclude>
    <ClInclude Include="std_assembly.h">
      <Filter>Header Files</Filter>
    </ClInclude>
    <ClInclude Include="std_project_properties.h">
      <Filter>Header Files</Filter>
    </ClInclude>
    <ClInclude Include="stdafx.h">
      <Filter>Header Files</Filter>
    </ClInclude>
    <ClInclude Include="stream_ops.h">
      <Filter>Header Files</Filter>
    </ClInclude>
    <ClInclude Include="string_functions.h">
      <Filter>Header Files</Filter>
    </ClInclude>
    <ClInclude Include="targetver.h">
      <Filter>Header Files</Filter>
    </ClInclude>
    <ClInclude Include="type_support.h">
      <Filter>Header Files</Filter>
    </ClInclude>
    <ClInclude Include="upgrade_functions.h">
      <Filter>Header Files</Filter>
    </ClInclude>
    <ClInclude Include="vector_types.h">
      <Filter>Header Files</Filter>
    </ClInclude>
    <ClInclude Include="window_messages.h">
      <Filter>Header Files</Filter>
    </ClInclude>
    <ClInclude Include="outputdebugbuf.h">
      <Filter>Header Files</Filter>
    </ClInclude>
    <ClInclude Include="HelpType.h">
      <Filter>Header Files</Filter>
    </ClInclude>
    <ClInclude Include="dialogue_helpers.h">
      <Filter>Header Files</Filter>
    </ClInclude>
  </ItemGroup>
</Project>