<?xml version="1.0" encoding="utf-8"?>
<Project ToolsVersion="4.0" xmlns="http://schemas.microsoft.com/developer/msbuild/2003">
  <ItemGroup>
    <Filter Include="Source Files">
      <UniqueIdentifier>{4FC737F1-C7A5-4376-A066-2A32D752A2FF}</UniqueIdentifier>
      <Extensions>cpp;c;cc;cxx;def;odl;idl;hpj;bat;asm;asmx</Extensions>
    </Filter>
    <Filter Include="Header Files">
      <UniqueIdentifier>{93995380-89BD-4b04-88EB-625FBE52EBFB}</UniqueIdentifier>
      <Extensions>h;hh;hpp;hxx;hm;inl;inc;xsd</Extensions>
    </Filter>
    <Filter Include="Resource Files">
      <UniqueIdentifier>{67DA6AB6-F800-4c08-8B7A-83BB121AAD01}</UniqueIdentifier>
      <Extensions>rc;ico;cur;bmp;dlg;rc2;rct;bin;rgs;gif;jpg;jpeg;jpe;resx;tiff;tif;png;wav;mfcribbon-ms</Extensions>
    </Filter>
  </ItemGroup>
  <ItemGroup>
    <Text Include="ReadMe.txt" />
  </ItemGroup>
  <ItemGroup>
    <ClInclude Include="stdafx.h">
      <Filter>Header Files</Filter>
    </ClInclude>
    <ClInclude Include="targetver.h">
      <Filter>Header Files</Filter>
    </ClInclude>
    <ClInclude Include="editor_label_defaults.h">
      <Filter>Header Files</Filter>
    </ClInclude>
    <ClInclude Include="editor_label_functions.h">
      <Filter>Header Files</Filter>
    </ClInclude>
    <ClInclude Include="ingame_text_functions.h">
      <Filter>Header Files</Filter>
    </ClInclude>
    <ClInclude Include="ram_value_functions.h">
      <Filter>Header Files</Filter>
    </ClInclude>
    <ClInclude Include="BackgroundMixin.h">
      <Filter>Header Files</Filter>
    </ClInclude>
    <ClInclude Include="ClearButton.h">
      <Filter>Header Files</Filter>
    </ClInclude>
    <ClInclude Include="ClearListCtrl.h">
      <Filter>Header Files</Filter>
    </ClInclude>
    <ClInclude Include="ClearStatic.h">
      <Filter>Header Files</Filter>
    </ClInclude>
    <ClInclude Include="MainBanner.h">
      <Filter>Header Files</Filter>
    </ClInclude>
    <ClInclude Include="StrikeCheck.h">
      <Filter>Header Files</Filter>
    </ClInclude>
    <ClInclude Include="SubBanner.h">
      <Filter>Header Files</Filter>
    </ClInclude>
    <ClInclude Include="ui_helpers.h">
      <Filter>Header Files</Filter>
    </ClInclude>
    <ClInclude Include="DlgInputLine.h">
      <Filter>Header Files</Filter>
    </ClInclude>
    <ClInclude Include="InplaceCombo.h">
      <Filter>Header Files</Filter>
    </ClInclude>
    <ClInclude Include="InplaceEdit.h">
      <Filter>Header Files</Filter>
    </ClInclude>
    <ClInclude Include="ListCtrlHideColumns.h">
      <Filter>Header Files</Filter>
    </ClInclude>
    <ClInclude Include="InplaceCheck.h">
      <Filter>Header Files</Filter>
    </ClInclude>
    <ClInclude Include="SaveableDialog.h">
      <Filter>Header Files</Filter>
    </ClInclude>
    <ClInclude Include="ClearEdit.h">
      <Filter>Header Files</Filter>
    </ClInclude>
    <ClInclude Include="ColorStatic.h">
      <Filter>Header Files</Filter>
    </ClInclude>
    <ClInclude Include="WaitingDlg.h">
      <Filter>Header Files</Filter>
    </ClInclude>
    <ClInclude Include="FFHExtensionModule.h">
      <Filter>Header Files</Filter>
    </ClInclude>
    <ClInclude Include="EntriesLoader.h">
      <Filter>Header Files</Filter>
    </ClInclude>
    <ClInclude Include="ODUtils.h">
      <Filter>Header Files</Filter>
    </ClInclude>
    <ClInclude Include="ODBackground.h">
      <Filter>Header Files</Filter>
    </ClInclude>
    <ClInclude Include="ff1-utils-controls.h">
      <Filter>Header Files</Filter>
    </ClInclude>
    <ClInclude Include="RadioButton.h">
      <Filter>Header Files</Filter>
    </ClInclude>
    <ClInclude Include="BorderedEdit.h">
      <Filter>Header Files</Filter>
    </ClInclude>
    <ClInclude Include="BorderedListCtrl.h">
      <Filter>Header Files</Filter>
    </ClInclude>
    <ClInclude Include="ClearComboBox.h">
      <Filter>Header Files</Filter>
    </ClInclude>
    <ClInclude Include="ClearListBox.h">
      <Filter>Header Files</Filter>
    </ClInclude>
    <ClInclude Include="HelpbookButton.h">
      <Filter>Header Files</Filter>
    </ClInclude>
    <ClInclude Include="resource_utils.h">
      <Filter>Header Files</Filter>
    </ClInclude>
    <ClInclude Include="ui_prompts.h">
      <Filter>Header Files</Filter>
    </ClInclude>
    <ClInclude Include="ProjectLoader.h">
      <Filter>Header Files</Filter>
    </ClInclude>
    <ClInclude Include="XPVersionHack.h">
      <Filter>Header Files</Filter>
    </ClInclude>
    <ClInclude Include="InfoButton.h">
      <Filter>Header Files</Filter>
    </ClInclude>
    <ClInclude Include="CloseButton.h">
      <Filter>Header Files</Filter>
    </ClInclude>
    <ClInclude Include="BorderedListBox.h">
      <Filter>Header Files</Filter>
    </ClInclude>
    <ClInclude Include="BrowseForFolderDialog.h">
      <Filter>Header Files</Filter>
    </ClInclude>
    <ClInclude Include="DialogWithBackground.h">
      <Filter>Header Files</Filter>
    </ClInclude>
    <ClInclude Include="EditorWithBackground.h">
      <Filter>Header Files</Filter>
    </ClInclude>
    <ClInclude Include="FFBaseApp.h">
      <Filter>Header Files</Filter>
    </ClInclude>
    <ClInclude Include="FFBaseDlg.h">
      <Filter>Header Files</Filter>
    </ClInclude>
    <ClInclude Include="Help.h">
      <Filter>Header Files</Filter>
    </ClInclude>
    <ClInclude Include="FontSet.h">
      <Filter>Header Files</Filter>
    </ClInclude>
    <ClInclude Include="DataListDialog.h">
      <Filter>Header Files</Filter>
    </ClInclude>
    <ClInclude Include="DlgPickNamedDestination.h">
      <Filter>Header Files</Filter>
    </ClInclude>
    <ClInclude Include="DlgPickDestinationFile.h">
      <Filter>Header Files</Filter>
    </ClInclude>
    <ClInclude Include="FFHPropertyGridFolderProperty.h">
      <Filter>Header Files</Filter>
    </ClInclude>
  </ItemGroup>
  <ItemGroup>
    <ClCompile Include="stdafx.cpp">
      <Filter>Source Files</Filter>
    </ClCompile>
    <ClCompile Include="editor_label_functions.cpp">
      <Filter>Source Files</Filter>
    </ClCompile>
    <ClCompile Include="ingame_text_functions.cpp">
      <Filter>Source Files</Filter>
    </ClCompile>
    <ClCompile Include="ram_value_functions.cpp">
      <Filter>Source Files</Filter>
    </ClCompile>
    <ClCompile Include="BackgroundMixin.cpp">
      <Filter>Source Files</Filter>
    </ClCompile>
    <ClCompile Include="ClearButton.cpp">
      <Filter>Source Files</Filter>
    </ClCompile>
    <ClCompile Include="ClearListCtrl.cpp">
      <Filter>Source Files</Filter>
    </ClCompile>
    <ClCompile Include="ClearStatic.cpp">
      <Filter>Source Files</Filter>
    </ClCompile>
    <ClCompile Include="MainBanner.cpp">
      <Filter>Source Files</Filter>
    </ClCompile>
    <ClCompile Include="StrikeCheck.cpp">
      <Filter>Source Files</Filter>
    </ClCompile>
    <ClCompile Include="SubBanner.cpp">
      <Filter>Source Files</Filter>
    </ClCompile>
    <ClCompile Include="ui_helpers.cpp">
      <Filter>Source Files</Filter>
    </ClCompile>
    <ClCompile Include="DlgInputLine.cpp">
      <Filter>Source Files</Filter>
    </ClCompile>
    <ClCompile Include="InplaceCombo.cpp">
      <Filter>Source Files</Filter>
    </ClCompile>
    <ClCompile Include="InplaceEdit.cpp">
      <Filter>Source Files</Filter>
    </ClCompile>
    <ClCompile Include="ListCtrlHideColumns.cpp">
      <Filter>Source Files</Filter>
    </ClCompile>
    <ClCompile Include="InplaceCheck.cpp">
      <Filter>Source Files</Filter>
    </ClCompile>
    <ClCompile Include="SaveableDialog.cpp">
      <Filter>Source Files</Filter>
    </ClCompile>
    <ClCompile Include="ClearEdit.cpp">
      <Filter>Source Files</Filter>
    </ClCompile>
    <ClCompile Include="ColorStatic.cpp">
      <Filter>Source Files</Filter>
    </ClCompile>
    <ClCompile Include="WaitingDlg.cpp">
      <Filter>Source Files</Filter>
    </ClCompile>
    <ClCompile Include="FFHExtensionModule.cpp">
      <Filter>Source Files</Filter>
    </ClCompile>
    <ClCompile Include="EntriesLoader.cpp">
      <Filter>Source Files</Filter>
    </ClCompile>
    <ClCompile Include="ODUtils.cpp">
      <Filter>Source Files</Filter>
    </ClCompile>
    <ClCompile Include="ODBackground.cpp">
      <Filter>Source Files</Filter>
    </ClCompile>
    <ClCompile Include="RadioButton.cpp">
      <Filter>Source Files</Filter>
    </ClCompile>
    <ClCompile Include="BorderedEdit.cpp">
      <Filter>Source Files</Filter>
    </ClCompile>
    <ClCompile Include="BorderedListCtrl.cpp">
      <Filter>Source Files</Filter>
    </ClCompile>
    <ClCompile Include="ClearComboBox.cpp">
      <Filter>Source Files</Filter>
    </ClCompile>
    <ClCompile Include="ClearListBox.cpp">
      <Filter>Source Files</Filter>
    </ClCompile>
    <ClCompile Include="HelpbookButton.cpp">
      <Filter>Source Files</Filter>
    </ClCompile>
    <ClCompile Include="ui_prompts.cpp">
      <Filter>Source Files</Filter>
    </ClCompile>
    <ClCompile Include="ProjectLoader.cpp">
      <Filter>Source Files</Filter>
    </ClCompile>
    <ClCompile Include="InfoButton.cpp">
      <Filter>Source Files</Filter>
    </ClCompile>
    <ClCompile Include="CloseButton.cpp">
      <Filter>Source Files</Filter>
    </ClCompile>
    <ClCompile Include="BorderedListBox.cpp">
      <Filter>Source Files</Filter>
    </ClCompile>
    <ClCompile Include="BrowseForFolderDialog.cpp">
      <Filter>Source Files</Filter>
    </ClCompile>
    <ClCompile Include="DialogWithBackground.cpp">
      <Filter>Source Files</Filter>
    </ClCompile>
    <ClCompile Include="EditorWithBackground.cpp">
      <Filter>Source Files</Filter>
    </ClCompile>
    <ClCompile Include="FFBaseApp.cpp">
      <Filter>Source Files</Filter>
    </ClCompile>
    <ClCompile Include="FFBaseDlg.cpp">
      <Filter>Source Files</Filter>
    </ClCompile>
    <ClCompile Include="Help.cpp">
      <Filter>Source Files</Filter>
    </ClCompile>
    <ClCompile Include="FontSet.cpp">
      <Filter>Source Files</Filter>
    </ClCompile>
    <ClCompile Include="DataListDialog.cpp">
      <Filter>Source Files</Filter>
    </ClCompile>
    <ClCompile Include="DlgPickNamedDestination.cpp">
      <Filter>Source Files</Filter>
    </ClCompile>
    <ClCompile Include="DlgPickDestinationFile.cpp">
      <Filter>Source Files</Filter>
    </ClCompile>
    <ClCompile Include="FFHPropertyGridFolderProperty.cpp">
      <Filter>Source Files</Filter>
    </ClCompile>
  </ItemGroup>
  <ItemGroup>
    <ResourceCompile Include="ff1-utils.rc">
      <Filter>Resource Files</Filter>
    </ResourceCompile>
  </ItemGroup>
  <ItemGroup>
    <None Include="ff1-utils.rc2">
      <Filter>Resource Files</Filter>
    </None>
    <None Include="ff1.colors.h">
      <Filter>Header Files</Filter>
    </None>
  </ItemGroup>
</Project>