<?xml version="1.0" encoding="utf-8"?>
<Project ToolsVersion="4.0" xmlns="http://schemas.microsoft.com/developer/msbuild/2003">
  <ItemGroup>
    <Filter Include="Source Files">
      <UniqueIdentifier>{4FC737F1-C7A5-4376-A066-2A32D752A2FF}</UniqueIdentifier>
      <Extensions>cpp;c;cc;cxx;def;odl;idl;hpj;bat;asm;asmx</Extensions>
    </Filter>
    <Filter Include="Header Files">
      <UniqueIdentifier>{93995380-89BD-4b04-88EB-625FBE52EBFB}</UniqueIdentifier>
      <Extensions>h;hh;hpp;hxx;hm;inl;inc;xsd</Extensions>
    </Filter>
    <Filter Include="Resource Files">
      <UniqueIdentifier>{67DA6AB6-F800-4c08-8B7A-83BB121AAD01}</UniqueIdentifier>
      <Extensions>rc;ico;cur;bmp;dlg;rc2;rct;bin;rgs;gif;jpg;jpeg;jpe;resx;tiff;tif;png;wav;mfcribbon-ms</Extensions>
    </Filter>
  </ItemGroup>
  <ItemGroup>
    <Text Include="ReadMe.txt" />
  </ItemGroup>
  <ItemGroup>
    <ClInclude Include="stdafx.h">
      <Filter>Header Files</Filter>
    </ClInclude>
    <ClInclude Include="targetver.h">
      <Filter>Header Files</Filter>
    </ClInclude>
    <ClInclude Include="CustomTool.h">
      <Filter>Header Files</Filter>
    </ClInclude>
    <ClInclude Include="BattlePic.h">
      <Filter>Header Files</Filter>
    </ClInclude>
    <ClInclude Include="Mapman.h">
      <Filter>Header Files</Filter>
    </ClInclude>
    <ClInclude Include="NESPalette.h">
      <Filter>Header Files</Filter>
    </ClInclude>
    <ClInclude Include="NewLabel.h">
      <Filter>Header Files</Filter>
    </ClInclude>
    <ClInclude Include="WepMagGraphic.h">
      <Filter>Header Files</Filter>
    </ClInclude>
    <ClInclude Include="Coords.h">
      <Filter>Header Files</Filter>
    </ClInclude>
    <ClInclude Include="ICoordMap.h">
      <Filter>Header Files</Filter>
    </ClInclude>
    <ClInclude Include="Backdrop.h">
      <Filter>Header Files</Filter>
    </ClInclude>
    <ClInclude Include="Loading.h">
      <Filter>Header Files</Filter>
    </ClInclude>
    <ClInclude Include="MiniMap.h">
      <Filter>Header Files</Filter>
    </ClInclude>
    <ClInclude Include="TileEdit.h">
      <Filter>Header Files</Filter>
    </ClInclude>
    <ClInclude Include="Tint.h">
      <Filter>Header Files</Filter>
    </ClInclude>
    <ClInclude Include="BattlePalettes.h">
      <Filter>Header Files</Filter>
    </ClInclude>
    <ClInclude Include="BattlePatternTables.h">
      <Filter>Header Files</Filter>
    </ClInclude>
    <ClInclude Include="DlgEditScalars.h">
      <Filter>Header Files</Filter>
    </ClInclude>
    <ClInclude Include="DlgEditStrings.h">
      <Filter>Header Files</Filter>
    </ClInclude>
    <ClInclude Include="DlgEditIniValue.h">
      <Filter>Header Files</Filter>
    </ClInclude>
    <ClInclude Include="DlgPasteTargets.h">
      <Filter>Header Files</Filter>
    </ClInclude>
    <ClInclude Include="InplaceArrayEdit.h">
      <Filter>Header Files</Filter>
    </ClInclude>
    <ClInclude Include="resource_subeditors.h">
      <Filter>Header Files</Filter>
    </ClInclude>
  </ItemGroup>
  <ItemGroup>
    <ClCompile Include="stdafx.cpp">
      <Filter>Source Files</Filter>
    </ClCompile>
    <ClCompile Include="CustomTool.cpp">
      <Filter>Source Files</Filter>
    </ClCompile>
    <ClCompile Include="BattlePic.cpp">
      <Filter>Source Files</Filter>
    </ClCompile>
    <ClCompile Include="Mapman.cpp">
      <Filter>Source Files</Filter>
    </ClCompile>
    <ClCompile Include="NESPalette.cpp">
      <Filter>Source Files</Filter>
    </ClCompile>
    <ClCompile Include="NewLabel.cpp">
      <Filter>Source Files</Filter>
    </ClCompile>
    <ClCompile Include="WepMagGraphic.cpp">
      <Filter>Source Files</Filter>
    </ClCompile>
    <ClCompile Include="Coords.cpp">
      <Filter>Source Files</Filter>
    </ClCompile>
    <ClCompile Include="Backdrop.cpp">
      <Filter>Source Files</Filter>
    </ClCompile>
    <ClCompile Include="Loading.cpp">
      <Filter>Source Files</Filter>
    </ClCompile>
    <ClCompile Include="MiniMap.cpp">
      <Filter>Source Files</Filter>
    </ClCompile>
    <ClCompile Include="TileEdit.cpp">
      <Filter>Source Files</Filter>
    </ClCompile>
    <ClCompile Include="Tint.cpp">
      <Filter>Source Files</Filter>
    </ClCompile>
    <ClCompile Include="BattlePalettes.cpp">
      <Filter>Source Files</Filter>
    </ClCompile>
    <ClCompile Include="BattlePatternTables.cpp">
      <Filter>Source Files</Filter>
    </ClCompile>
    <ClCompile Include="DlgEditScalars.cpp">
      <Filter>Source Files</Filter>
    </ClCompile>
    <ClCompile Include="DlgEditStrings.cpp">
      <Filter>Source Files</Filter>
    </ClCompile>
    <ClCompile Include="DlgEditIniValue.cpp">
      <Filter>Source Files</Filter>
    </ClCompile>
    <ClCompile Include="DlgPasteTargets.cpp">
      <Filter>Source Files</Filter>
    </ClCompile>
    <ClCompile Include="InplaceArrayEdit.cpp">
      <Filter>Source Files</Filter>
    </ClCompile>
  </ItemGroup>
  <ItemGroup>
    <ResourceCompile Include="ff1-subeditors.rc">
      <Filter>Resource Files</Filter>
    </ResourceCompile>
  </ItemGroup>
  <ItemGroup>
    <None Include="ff1-subeditors.rc2">
      <Filter>Resource Files</Filter>
    </None>
  </ItemGroup>
</Project>